
Microsoft Visual Studio Solution File, Format Version 12.00
# Visual Studio Version 17
VisualStudioVersion = 17.5.33424.131
MinimumVisualStudioVersion = 10.0.40219.1
Project("{9A19103F-16F7-4668-BE54-9A1E7A4F7556}") = "HospitalEntities", "HospitalEntities\HospitalEntities.csproj", "{1952AD5A-87CB-47DD-B5CE-5F9ECEB91AB4}"
EndProject
Project("{2150E333-8FDC-42A3-9474-1A3956D46DE8}") = "Endpoint", "Endpoint", "{304590D7-B4B9-4CD7-AC59-9CE087062F63}"
EndProject
Project("{2150E333-8FDC-42A3-9474-1A3956D46DE8}") = "InfraStructure", "InfraStructure", "{EB5151EC-F36B-4586-BF24-F28F0EA6691E}"
EndProject
Project("{FAE04EC0-301F-11D3-BF4B-00C04F79EFBC}") = "Hospital", "Hospital\Hospital.csproj", "{4EC6D338-BD15-4571-A0EF-6A0834476560}"
EndProject
Project("{FAE04EC0-301F-11D3-BF4B-00C04F79EFBC}") = "Hospital.Infrastructure.Sql", "Hospital.Infrastructure.Sql\Hospital.Infrastructure.Sql.csproj", "{8A42AC9D-50A6-4063-938D-DDFB1959C93A}"
EndProject
Global
	GlobalSection(SolutionConfigurationPlatforms) = preSolution
		Debug|Any CPU = Debug|Any CPU
		Release|Any CPU = Release|Any CPU
	EndGlobalSection
	GlobalSection(ProjectConfigurationPlatforms) = postSolution
		{1952AD5A-87CB-47DD-B5CE-5F9ECEB91AB4}.Debug|Any CPU.ActiveCfg = Debug|Any CPU
		{1952AD5A-87CB-47DD-B5CE-5F9ECEB91AB4}.Debug|Any CPU.Build.0 = Debug|Any CPU
		{1952AD5A-87CB-47DD-B5CE-5F9ECEB91AB4}.Release|Any CPU.ActiveCfg = Release|Any CPU
		{1952AD5A-87CB-47DD-B5CE-5F9ECEB91AB4}.Release|Any CPU.Build.0 = Release|Any CPU
		{4EC6D338-BD15-4571-A0EF-6A0834476560}.Debug|Any CPU.ActiveCfg = Debug|Any CPU
		{4EC6D338-BD15-4571-A0EF-6A0834476560}.Debug|Any CPU.Build.0 = Debug|Any CPU
		{4EC6D338-BD15-4571-A0EF-6A0834476560}.Release|Any CPU.ActiveCfg = Release|Any CPU
		{4EC6D338-BD15-4571-A0EF-6A0834476560}.Release|Any CPU.Build.0 = Release|Any CPU
		{8A42AC9D-50A6-4063-938D-DDFB1959C93A}.Debug|Any CPU.ActiveCfg = Debug|Any CPU
		{8A42AC9D-50A6-4063-938D-DDFB1959C93A}.Debug|Any CPU.Build.0 = Debug|Any CPU
		{8A42AC9D-50A6-4063-938D-DDFB1959C93A}.Release|Any CPU.ActiveCfg = Release|Any CPU
		{8A42AC9D-50A6-4063-938D-DDFB1959C93A}.Release|Any CPU.Build.0 = Release|Any CPU
	EndGlobalSection
	GlobalSection(SolutionProperties) = preSolution
		HideSolutionNode = FALSE
	EndGlobalSection
	GlobalSection(NestedProjects) = preSolution
		{4EC6D338-BD15-4571-A0EF-6A0834476560} = {304590D7-B4B9-4CD7-AC59-9CE087062F63}
		{8A42AC9D-50A6-4063-938D-DDFB1959C93A} = {EB5151EC-F36B-4586-BF24-F28F0EA6691E}
	EndGlobalSection
	GlobalSection(ExtensibilityGlobals) = postSolution
		SolutionGuid = {2AA0631E-F3E5-4990-B875-272A02F57220}
	EndGlobalSection
EndGlobal
